
Microsoft Visual Studio Solution File, Format Version 12.00
# Visual Studio 2012
Project("{FAE04EC0-301F-11D3-BF4B-00C04F79EFBC}") = "LingboORM", "LingboORM\LingboORM.csproj", "{06542279-F110-4A59-B62E-F25574F0415C}"
EndProject
Project("{FAE04EC0-301F-11D3-BF4B-00C04F79EFBC}") = "OrmTest", "OrmTest\OrmTest.csproj", "{2E41B7FB-D423-4E15-B4D8-616B64ADD42D}"
EndProject
Project("{FAE04EC0-301F-11D3-BF4B-00C04F79EFBC}") = "OrmModel", "OrmModel\OrmModel.csproj", "{6468BDC8-8DA2-4871-9A1E-162C9971F96C}"
EndProject
Global
	GlobalSection(SolutionConfigurationPlatforms) = preSolution
		Debug|Any CPU = Debug|Any CPU
		Release|Any CPU = Release|Any CPU
	EndGlobalSection
	GlobalSection(ProjectConfigurationPlatforms) = postSolution
		{06542279-F110-4A59-B62E-F25574F0415C}.Debug|Any CPU.ActiveCfg = Debug|Any CPU
		{06542279-F110-4A59-B62E-F25574F0415C}.Debug|Any CPU.Build.0 = Debug|Any CPU
		{06542279-F110-4A59-B62E-F25574F0415C}.Release|Any CPU.ActiveCfg = Release|Any CPU
		{06542279-F110-4A59-B62E-F25574F0415C}.Release|Any CPU.Build.0 = Release|Any CPU
		{2E41B7FB-D423-4E15-B4D8-616B64ADD42D}.Debug|Any CPU.ActiveCfg = Debug|Any CPU
		{2E41B7FB-D423-4E15-B4D8-616B64ADD42D}.Debug|Any CPU.Build.0 = Debug|Any CPU
		{2E41B7FB-D423-4E15-B4D8-616B64ADD42D}.Release|Any CPU.ActiveCfg = Release|Any CPU
		{2E41B7FB-D423-4E15-B4D8-616B64ADD42D}.Release|Any CPU.Build.0 = Release|Any CPU
		{6468BDC8-8DA2-4871-9A1E-162C9971F96C}.Debug|Any CPU.ActiveCfg = Debug|Any CPU
		{6468BDC8-8DA2-4871-9A1E-162C9971F96C}.Debug|Any CPU.Build.0 = Debug|Any CPU
		{6468BDC8-8DA2-4871-9A1E-162C9971F96C}.Release|Any CPU.ActiveCfg = Release|Any CPU
		{6468BDC8-8DA2-4871-9A1E-162C9971F96C}.Release|Any CPU.Build.0 = Release|Any CPU
	EndGlobalSection
	GlobalSection(SolutionProperties) = preSolution
		HideSolutionNode = FALSE
	EndGlobalSection
	GlobalSection(Performance) = preSolution
		HasPerformanceSessions = true
	EndGlobalSection
EndGlobal
